# This file is automatically @generated by Cargo.
# It is not intended for manual editing.
version = 3

[[package]]
name = "equivalent"
version = "1.0.1"
source = "registry+https://github.com/rust-lang/crates.io-index"
checksum = "5443807d6dff69373d433ab9ef5378ad8df50ca6298caf15de6e52e24aaf54d5"

[[package]]
name = "hashbrown"
version = "0.14.3"
source = "registry+https://github.com/rust-lang/crates.io-index"
checksum = "290f1a1d9242c78d09ce40a5e87e7554ee637af1351968159f4952f028f75604"

[[package]]
name = "indexmap"
version = "2.2.2"
source = "registry+https://github.com/rust-lang/crates.io-index"
checksum = "824b2ae422412366ba479e8111fd301f7b5faece8149317bb81925979a53f520"
dependencies = [
 "equivalent",
 "hashbrown",
]

[[package]]
name = "memchr"
version = "2.7.1"
source = "registry+https://github.com/rust-lang/crates.io-index"
checksum = "523dc4f511e55ab87b694dc30d0f820d60906ef06413f93d4d7a1385599cc149"

[[package]]
name = "rgb2ansi256"
version = "0.1.1"
source = "registry+https://github.com/rust-lang/crates.io-index"
checksum = "1ebca96b1c05912d531790498048bab5b7b97a756a7bb9df71fa4ef7ef9814e1"

[[package]]
name = "toml-rgb2ansi256"
version = "0.1.0"
dependencies = [
 "rgb2ansi256",
 "toml_edit",
]

[[package]]
name = "toml_datetime"
version = "0.6.5"
source = "registry+https://github.com/rust-lang/crates.io-index"
checksum = "3550f4e9685620ac18a50ed434eb3aec30db8ba93b0287467bca5826ea25baf1"

[[package]]
name = "toml_edit"
version = "0.21.1"
source = "registry+https://github.com/rust-lang/crates.io-index"
checksum = "6a8534fd7f78b5405e860340ad6575217ce99f38d4d5c8f2442cb5ecb50090e1"
dependencies = [
 "indexmap",
 "toml_datetime",
 "winnow",
]

[[package]]
name = "winnow"
version = "0.5.39"
source = "registry+https://github.com/rust-lang/crates.io-index"
checksum = "5389a154b01683d28c77f8f68f49dea75f0a4da32557a58f68ee51ebba472d29"
dependencies = [
 "memchr",
]
