
# cargo-vet imports lock

[audits.bytecode-alliance.audits]

[audits.embark-studios.audits]

[audits.fermyon.audits]

[[audits.google.audits.equivalent]]
who = "George Burgess IV <gbiv@google.com>"
criteria = "safe-to-deploy"
version = "1.0.1"
aggregated-from = "https://chromium.googlesource.com/chromiumos/third_party/rust_crates/+/refs/heads/main/cargo-vet/audits.toml?format=TEXT"

[audits.isrg.audits]

[audits.mozilla.audits]

[audits.zcash.audits]
